
Microsoft Visual Studio Solution File, Format Version 12.00
# Visual Studio Version 17
VisualStudioVersion = 17.1.32319.34
MinimumVisualStudioVersion = 10.0.40219.1
Project("{FAE04EC0-301F-11D3-BF4B-00C04F79EFBC}") = "WindowsFormsApp1", "WindowsFormsApp1\WindowsFormsApp1.csproj", "{4DA95247-F852-4526-A3EA-1058F5F65BF1}"
EndProject
Project("{54435603-DBB4-11D2-8724-00A0C9A8B90C}") = "Setup", "..\f\Setup\Setup.vdproj", "{112E484B-C322-4305-A2AC-702825E92D0C}"
EndProject
Global
	GlobalSection(SolutionConfigurationPlatforms) = preSolution
		Debug|Any CPU = Debug|Any CPU
		Release|Any CPU = Release|Any CPU
	EndGlobalSection
	GlobalSection(ProjectConfigurationPlatforms) = postSolution
		{4DA95247-F852-4526-A3EA-1058F5F65BF1}.Debug|Any CPU.ActiveCfg = Debug|Any CPU
		{4DA95247-F852-4526-A3EA-1058F5F65BF1}.Debug|Any CPU.Build.0 = Debug|Any CPU
		{4DA95247-F852-4526-A3EA-1058F5F65BF1}.Release|Any CPU.ActiveCfg = Release|Any CPU
		{4DA95247-F852-4526-A3EA-1058F5F65BF1}.Release|Any CPU.Build.0 = Release|Any CPU
		{112E484B-C322-4305-A2AC-702825E92D0C}.Debug|Any CPU.ActiveCfg = Debug
		{112E484B-C322-4305-A2AC-702825E92D0C}.Release|Any CPU.ActiveCfg = Release
	EndGlobalSection
	GlobalSection(SolutionProperties) = preSolution
		HideSolutionNode = FALSE
	EndGlobalSection
	GlobalSection(ExtensibilityGlobals) = postSolution
		SolutionGuid = {78020C16-2435-4505-A9FC-C395D732900A}
	EndGlobalSection
EndGlobal
